lockfileVersion: '9.0'

settings:
  autoInstallPeers: true
  excludeLinksFromLockfile: false

importers:

  .:
    devDependencies:
      oxc-minify:
        specifier: ^0.120.0
        version: 0.120.0

packages:

  '@emnapi/core@1.9.0':
    resolution: {integrity: sha512-0DQ98G9ZQZOxfUcQn1waV2yS8aWdZ6kJMbYCJB3oUBecjWYO1fqJ+a1DRfPF3O5JEkwqwP1A9QEN/9mYm2Yd0w==}

  '@emnapi/runtime@1.9.0':
    resolution: {integrity: sha512-QN75eB0IH2ywSpRpNddCRfQIhmJYBCJ1x5Lb3IscKAL8bMnVAKnRg8dCoXbHzVLLH7P38N2Z3mtulB7W0J0FKw==}

  '@emnapi/wasi-threads@1.2.0':
    resolution: {integrity: sha512-N10dEJNSsUx41Z6pZsXU8FjPjpBEplgH24sfkmITrBED1/U2Esum9F3lfLrMjKHHjmi557zQn7kR9R+XWXu5Rg==}

  '@napi-rs/wasm-runtime@1.1.1':
    resolution: {integrity: sha512-p64ah1M1ld8xjWv3qbvFwHiFVWrq1yFvV4f7w+mzaqiR4IlSgkqhcRdHwsGgomwzBH51sRY4NEowLxnaBjcW/A==}

  '@oxc-minify/binding-android-arm-eabi@0.120.0':
    resolution: {integrity: sha512-EjMhFlqQRU4/fK7LFJm4M4bJEHn0kGZRQ81frTTJi5N/pTAJr14XGONskcK/1gCmHUsdwG/u4K8VBFwNB4g2jA==}
    engines: {node: ^20.19.0 || >=22.12.0}
    cpu: [arm]
    os: [android]

  '@oxc-minify/binding-android-arm64@0.120.0':
    resolution: {integrity: sha512-hnIXATVoOtO4DyACv9DHbwkyVcHQnDB7voKWxvlEQmYoFtH6Y7e/cvzm/hwv2G2iN8oXW+yPlZhn/5li4V6qYA==}
    engines: {node: ^20.19.0 || >=22.12.0}
    cpu: [arm64]
    os: [android]

  '@oxc-minify/binding-darwin-arm64@0.120.0':
    resolution: {integrity: sha512-oefPB6DKZOVk7R9OEruy6v25T0e4NRKzodoUGL0xAGiLXvB6kl9l+KA4k3y2kVKOBnpwggT1pCKWikTGF4yBUA==}
    engines: {node: ^20.19.0 || >=22.12.0}
    cpu: [arm64]
    os: [darwin]

  '@oxc-minify/binding-darwin-x64@0.120.0':
    resolution: {integrity: sha512-aXVa0cLANa7LSffHbPaqXGgv9Dkiq5iQiG7k0IO1rYlt+XL2MRfVrLFMe/sU9YzYnyBveF7TNKEId3eiUXMp+g==}
    engines: {node: ^20.19.0 || >=22.12.0}
    cpu: [x64]
    os: [darwin]

  '@oxc-minify/binding-freebsd-x64@0.120.0':
    resolution: {integrity: sha512-LhuhEtQ0sbZpXiQzSsmnLcu+aRkZdWuT17CqxEyq6mKve1VNJ/aGsOp3Ax7V3Kfh5wt7BU7hmSt3NxkNSOyZig==}
    engines: {node: ^20.19.0 || >=22.12.0}
    cpu: [x64]
    os: [freebsd]

  '@oxc-minify/binding-linux-arm-gnueabihf@0.120.0':
    resolution: {integrity: sha512-9qwsTeooc1BTxvv4mMd3TKgSyoiaKTvxikr3KiU9f0elKFdmjb+iapFRIuYild4gT1jd4hGWD6MaqgSomN4pnw==}
    engines: {node: ^20.19.0 || >=22.12.0}
    cpu: [arm]
    os: [linux]

  '@oxc-minify/binding-linux-arm-musleabihf@0.120.0':
    resolution: {integrity: sha512-FGfLYOlKo0ebDDW+iI65MLoVc6Uflwd23ea0RyIVAOJ3zOf7VnOMgWeGgQy41TeBL6NXjExMc+RAjo7xsSIjkQ==}
    engines: {node: ^20.19.0 || >=22.12.0}
    cpu: [arm]
    os: [linux]

  '@oxc-minify/binding-linux-arm64-gnu@0.120.0':
    resolution: {integrity: sha512-pr0WlVMJIAxVU9SzKm7W4iTL9cpUY95Wzb63uHFJAYI3mSCQU6gtiK9nYN2XTFrm7l/1w2nIdbYd4tvudZq9ow==}
    engines: {node: ^20.19.0 || >=22.12.0}
    cpu: [arm64]
    os: [linux]

  '@oxc-minify/binding-linux-arm64-musl@0.120.0':
    resolution: {integrity: sha512-z3uqkKE7AJUjQkHwPkT6S/mXkkbv6McXKbHscNt4h/cZJvkjnXSVc+LwkdkFgXSURdMk8vgt0sXU2nhQm/XLeA==}
    engines: {node: ^20.19.0 || >=22.12.0}
    cpu: [arm64]
    os: [linux]

  '@oxc-minify/binding-linux-ppc64-gnu@0.120.0':
    resolution: {integrity: sha512-+wZa0PCo8A225dOGZhLhZotddf9ATHbbDzZdeAjuAIr6vmhijlkyZHrY17AKSw298wTmuuJkfmf+P3M07SbcQg==}
    engines: {node: ^20.19.0 || >=22.12.0}
    cpu: [ppc64]
    os: [linux]

  '@oxc-minify/binding-linux-riscv64-gnu@0.120.0':
    resolution: {integrity: sha512-r5T+f+Vk7ow/Qe+6Yg+F/P0sPnufs0Qdy0m4a+MToba+nzepu/QynWv+xitLnNsta91fFGsA4H1MzLOlQ4WKWA==}
    engines: {node: ^20.19.0 || >=22.12.0}
    cpu: [riscv64]
    os: [linux]

  '@oxc-minify/binding-linux-riscv64-musl@0.120.0':
    resolution: {integrity: sha512-PLbs6qJl4UyxGydtfFKIv7cMv1MxXDqlPVvCwRhmq/hG3MVDrAK3Hukss9Nmn417Nw6csXdFtIfbiRLOtUWtfg==}
    engines: {node: ^20.19.0 || >=22.12.0}
    cpu: [riscv64]
    os: [linux]

  '@oxc-minify/binding-linux-s390x-gnu@0.120.0':
    resolution: {integrity: sha512-uUm1N4AXa428XZ//xbmOfD/M3nULSnT1RyP1goyisf9BuWFfDh/3naVOOfWQ4tMv8MGNDZdI76Z8ooiBaDQtjg==}
    engines: {node: ^20.19.0 || >=22.12.0}
    cpu: [s390x]
    os: [linux]

  '@oxc-minify/binding-linux-x64-gnu@0.120.0':
    resolution: {integrity: sha512-t+ieObHRVg/n2WdcH8hKACVCx2+HfjGv1TsWeocZF8/npsQmHaXFBZ1YwaxbCgDlmWgB5HnYSgyHYiRQbaj0WA==}
    engines: {node: ^20.19.0 || >=22.12.0}
    cpu: [x64]
    os: [linux]

  '@oxc-minify/binding-linux-x64-musl@0.120.0':
    resolution: {integrity: sha512-sah6ouKLLad3WQgmZH/wztFuZwpP3PC7UTnO96IXl+RoTyInhN52nEugr0eaIyG8BwRxmUpMT1WhpcGPujEi4A==}
    engines: {node: ^20.19.0 || >=22.12.0}
    cpu: [x64]
    os: [linux]

  '@oxc-minify/binding-openharmony-arm64@0.120.0':
    resolution: {integrity: sha512-iwWFD0zLdg1e1m4NpiAnmKqIIWWcvG2z0c0UAK/KzxV2EU7m52f2UTfLUQSS8q1w5tqoze3soufuxciYVbqcaA==}
    engines: {node: ^20.19.0 || >=22.12.0}
    cpu: [arm64]
    os: [openharmony]

  '@oxc-minify/binding-wasm32-wasi@0.120.0':
    resolution: {integrity: sha512-7byd1kFc9MLXfwki5MiJecg3WKhEnLaClnA/5tB27qnAlyDX3fXXHNnjlyLgSp3RVx7MMAN4cMhVV9tU/5Wnlg==}
    engines: {node: '>=14.0.0'}
    cpu: [wasm32]

  '@oxc-minify/binding-win32-arm64-msvc@0.120.0':
    resolution: {integrity: sha512-rJaKjmGj6fUqwi4Kv4yYG2MUvqOuLvh4gSnpXyQnfubTh7fovcmME9HbsDKo7pTdt/4EcSVBX3x4G4P7ucVeCA==}
    engines: {node: ^20.19.0 || >=22.12.0}
    cpu: [arm64]
    os: [win32]

  '@oxc-minify/binding-win32-ia32-msvc@0.120.0':
    resolution: {integrity: sha512-nE9pmOTJI9vnhIjyFwPNHjbOltyO7FyvB8cxtYpWh4qeN2VUy/n+sJo44tJc5Aa2sqOOY37SYiLQEM8Dt/Xwcw==}
    engines: {node: ^20.19.0 || >=22.12.0}
    cpu: [ia32]
    os: [win32]

  '@oxc-minify/binding-win32-x64-msvc@0.120.0':
    resolution: {integrity: sha512-yWAx/Dj7bzL+KkV2F+cDyZNZ7cx694dNKTjBO5B3UMDyKAL743IsPdlYScGcG4wRLnTILvBYy6u73UjjvJQvzg==}
    engines: {node: ^20.19.0 || >=22.12.0}
    cpu: [x64]
    os: [win32]

  '@tybys/wasm-util@0.10.1':
    resolution: {integrity: sha512-9tTaPJLSiejZKx+Bmog4uSubteqTvFrVrURwkmHixBo0G4seD0zUxp98E1DzUBJxLQ3NPwXrGKDiVjwx/DpPsg==}

  oxc-minify@0.120.0:
    resolution: {integrity: sha512-dUgURjdc9HFf8p7j9rtKXhPdgYchfSJ2eHdNk0n5n4sNT21RHSxahn1gCZMMxIOXKwEc5vjyc89vda5zZQi8rA==}
    engines: {node: ^20.19.0 || >=22.12.0}

  tslib@2.8.1:
    resolution: {integrity: sha512-oJFu94HQb+KVduSUQL7wnpmqnfmLsOA/nAh6b6EH0wCEoK0/mPeXU6c3wKDV83MkOuHPRHtSXKKU99IBazS/2w==}

snapshots:

  '@emnapi/core@1.9.0':
    dependencies:
      '@emnapi/wasi-threads': 1.2.0
      tslib: 2.8.1
    optional: true

  '@emnapi/runtime@1.9.0':
    dependencies:
      tslib: 2.8.1
    optional: true

  '@emnapi/wasi-threads@1.2.0':
    dependencies:
      tslib: 2.8.1
    optional: true

  '@napi-rs/wasm-runtime@1.1.1':
    dependencies:
      '@emnapi/core': 1.9.0
      '@emnapi/runtime': 1.9.0
      '@tybys/wasm-util': 0.10.1
    optional: true

  '@oxc-minify/binding-android-arm-eabi@0.120.0':
    optional: true

  '@oxc-minify/binding-android-arm64@0.120.0':
    optional: true

  '@oxc-minify/binding-darwin-arm64@0.120.0':
    optional: true

  '@oxc-minify/binding-darwin-x64@0.120.0':
    optional: true

  '@oxc-minify/binding-freebsd-x64@0.120.0':
    optional: true

  '@oxc-minify/binding-linux-arm-gnueabihf@0.120.0':
    optional: true

  '@oxc-minify/binding-linux-arm-musleabihf@0.120.0':
    optional: true

  '@oxc-minify/binding-linux-arm64-gnu@0.120.0':
    optional: true

  '@oxc-minify/binding-linux-arm64-musl@0.120.0':
    optional: true

  '@oxc-minify/binding-linux-ppc64-gnu@0.120.0':
    optional: true

  '@oxc-minify/binding-linux-riscv64-gnu@0.120.0':
    optional: true

  '@oxc-minify/binding-linux-riscv64-musl@0.120.0':
    optional: true

  '@oxc-minify/binding-linux-s390x-gnu@0.120.0':
    optional: true

  '@oxc-minify/binding-linux-x64-gnu@0.120.0':
    optional: true

  '@oxc-minify/binding-linux-x64-musl@0.120.0':
    optional: true

  '@oxc-minify/binding-openharmony-arm64@0.120.0':
    optional: true

  '@oxc-minify/binding-wasm32-wasi@0.120.0':
    dependencies:
      '@napi-rs/wasm-runtime': 1.1.1
    optional: true

  '@oxc-minify/binding-win32-arm64-msvc@0.120.0':
    optional: true

  '@oxc-minify/binding-win32-ia32-msvc@0.120.0':
    optional: true

  '@oxc-minify/binding-win32-x64-msvc@0.120.0':
    optional: true

  '@tybys/wasm-util@0.10.1':
    dependencies:
      tslib: 2.8.1
    optional: true

  oxc-minify@0.120.0:
    optionalDependencies:
      '@oxc-minify/binding-android-arm-eabi': 0.120.0
      '@oxc-minify/binding-android-arm64': 0.120.0
      '@oxc-minify/binding-darwin-arm64': 0.120.0
      '@oxc-minify/binding-darwin-x64': 0.120.0
      '@oxc-minify/binding-freebsd-x64': 0.120.0
      '@oxc-minify/binding-linux-arm-gnueabihf': 0.120.0
      '@oxc-minify/binding-linux-arm-musleabihf': 0.120.0
      '@oxc-minify/binding-linux-arm64-gnu': 0.120.0
      '@oxc-minify/binding-linux-arm64-musl': 0.120.0
      '@oxc-minify/binding-linux-ppc64-gnu': 0.120.0
      '@oxc-minify/binding-linux-riscv64-gnu': 0.120.0
      '@oxc-minify/binding-linux-riscv64-musl': 0.120.0
      '@oxc-minify/binding-linux-s390x-gnu': 0.120.0
      '@oxc-minify/binding-linux-x64-gnu': 0.120.0
      '@oxc-minify/binding-linux-x64-musl': 0.120.0
      '@oxc-minify/binding-openharmony-arm64': 0.120.0
      '@oxc-minify/binding-wasm32-wasi': 0.120.0
      '@oxc-minify/binding-win32-arm64-msvc': 0.120.0
      '@oxc-minify/binding-win32-ia32-msvc': 0.120.0
      '@oxc-minify/binding-win32-x64-msvc': 0.120.0

  tslib@2.8.1:
    optional: true
